// !$*UTF8*$!
{
	archiveVersion = 1;
	classes = {
	};
	objectVersion = 48;
	objects = {

/* Begin PBXBuildFile section */
		1656C603215E129100422517 /* AppDelegate.swift in Sources */ = {isa = PBXBuildFile; fileRef = 1656C602215E129100422517 /* AppDelegate.swift */; };
		1656C605215E129100422517 /* ViewController.swift in Sources */ = {isa = PBXBuildFile; fileRef = 1656C604215E129100422517 /* ViewController.swift */; };
		1656C608215E129100422517 /* Main.storyboard in Resources */ = {isa = PBXBuildFile; fileRef = 1656C606215E129100422517 /* Main.storyboard */; };
		1656C60A215E129100422517 /* Assets.xcassets in Resources */ = {isa = PBXBuildFile; fileRef = 1656C609215E129100422517 /* Assets.xcassets */; };
		1656C60D215E129100422517 /* LaunchScreen.storyboard in Resources */ = {isa = PBXBuildFile; fileRef = 1656C60B215E129100422517 /* LaunchScreen.storyboard */; };
		16FCBA51215E2E8300131AD3 /* AppDelegate+rootWindow.swift in Sources */ = {isa = PBXBuildFile; fileRef = 16FCBA50215E2E8300131AD3 /* AppDelegate+rootWindow.swift */; };
		16FCBB0E216B337200131AD3 /* UserDefaults+myCoin.swift in Sources */ = {isa = PBXBuildFile; fileRef = 16FCBB0D216B337200131AD3 /* UserDefaults+myCoin.swift */; };
		16FCBB10216C9F4B00131AD3 /* UserDefaults.swift in Sources */ = {isa = PBXBuildFile; fileRef = 16FCBB0F216C9F4B00131AD3 /* UserDefaults.swift */; };
/* End PBXBuildFile section */

/* Begin PBXFileReference section */
		1656C5FF215E129100422517 /* MyCoin-DuplicatePlate.app */ = {isa = PBXFileReference; explicitFileType = wrapper.application; includeInIndex = 0; path = "MyCoin-DuplicatePlate.app"; sourceTree = BUILT_PRODUCTS_DIR; };
		1656C602215E129100422517 /* AppDelegate.swift */ = {isa = PBXFileReference; lastKnownFileType = sourcecode.swift; path = AppDelegate.swift; sourceTree = "<group>"; };
		1656C604215E129100422517 /* ViewController.swift */ = {isa = PBXFileReference; lastKnownFileType = sourcecode.swift; path = ViewController.swift; sourceTree = "<group>"; };
		1656C607215E129100422517 /* Base */ = {isa = PBXFileReference; lastKnownFileType = file.storyboard; name = Base; path = Base.lproj/Main.storyboard; sourceTree = "<group>"; };
		1656C609215E129100422517 /* Assets.xcassets */ = {isa = PBXFileReference; lastKnownFileType = folder.assetcatalog; path = Assets.xcassets; sourceTree = "<group>"; };
		1656C60C215E129100422517 /* Base */ = {isa = PBXFileReference; lastKnownFileType = file.storyboard; name = Base; path = Base.lproj/LaunchScreen.storyboard; sourceTree = "<group>"; };
		1656C60E215E129100422517 /* Info.plist */ = {isa = PBXFileReference; lastKnownFileType = text.plist.xml; path = Info.plist; sourceTree = "<group>"; };
		16FCBA50215E2E8300131AD3 /* AppDelegate+rootWindow.swift */ = {isa = PBXFileReference; lastKnownFileType = sourcecode.swift; path = "AppDelegate+rootWindow.swift"; sourceTree = "<group>"; };
		16FCBB0D216B337200131AD3 /* UserDefaults+myCoin.swift */ = {isa = PBXFileReference; lastKnownFileType = sourcecode.swift; path = "UserDefaults+myCoin.swift"; sourceTree = "<group>"; };
		16FCBB0F216C9F4B00131AD3 /* UserDefaults.swift */ = {isa = PBXFileReference; lastKnownFileType = sourcecode.swift; path = UserDefaults.swift; sourceTree = "<group>"; };
/* End PBXFileReference section */

/* Begin PBXFrameworksBuildPhase section */
		1656C5FC215E129100422517 /* Frameworks */ = {
			isa = PBXFrameworksBuildPhase;
			buildActionMask = 2147483647;
			files = (
			);
			runOnlyForDeploymentPostprocessing = 0;
		};
/* End PBXFrameworksBuildPhase section */

/* Begin PBXGroup section */
		1656C5F6215E129100422517 = {
			isa = PBXGroup;
			children = (
				1656C601215E129100422517 /* MyCoin-DuplicatePlate */,
				1656C600215E129100422517 /* Products */,
			);
			sourceTree = "<group>";
		};
		1656C600215E129100422517 /* Products */ = {
			isa = PBXGroup;
			children = (
				1656C5FF215E129100422517 /* MyCoin-DuplicatePlate.app */,
			);
			name = Products;
			sourceTree = "<group>";
		};
		1656C601215E129100422517 /* MyCoin-DuplicatePlate */ = {
			isa = PBXGroup;
			children = (
				16FCBB0C216B334A00131AD3 /* Extensions */,
				16FCBB0B216B330900131AD3 /* AppDelegates */,
				1656C602215E129100422517 /* AppDelegate.swift */,
				1656C604215E129100422517 /* ViewController.swift */,
				1656C606215E129100422517 /* Main.storyboard */,
				1656C609215E129100422517 /* Assets.xcassets */,
				1656C60B215E129100422517 /* LaunchScreen.storyboard */,
				1656C60E215E129100422517 /* Info.plist */,
			);
			path = "MyCoin-DuplicatePlate";
			sourceTree = "<group>";
		};
		16FCBB0B216B330900131AD3 /* AppDelegates */ = {
			isa = PBXGroup;
			children = (
				16FCBA50215E2E8300131AD3 /* AppDelegate+rootWindow.swift */,
			);
			path = AppDelegates;
			sourceTree = "<group>";
		};
		16FCBB0C216B334A00131AD3 /* Extensions */ = {
			isa = PBXGroup;
			children = (
				16FCBB0D216B337200131AD3 /* UserDefaults+myCoin.swift */,
				16FCBB0F216C9F4B00131AD3 /* UserDefaults.swift */,
			);
			path = Extensions;
			sourceTree = "<group>";
		};
/* End PBXGroup section */

/* Begin PBXNativeTarget section */
		1656C5FE215E129100422517 /* MyCoin-DuplicatePlate */ = {
			isa = PBXNativeTarget;
			buildConfigurationList = 1656C611215E129100422517 /* Build configuration list for PBXNativeTarget "MyCoin-DuplicatePlate" */;
			buildPhases = (
				1656C5FB215E129100422517 /* Sources */,
				1656C5FC215E129100422517 /* Frameworks */,
				1656C5FD215E129100422517 /* Resources */,
			);
			buildRules = (
			);
			dependencies = (
			);
			name = "MyCoin-DuplicatePlate";
			productName = "MyCoin-DuplicatePlate";
			productReference = 1656C5FF215E129100422517 /* MyCoin-DuplicatePlate.app */;
			productType = "com.apple.product-type.application";
		};
/* End PBXNativeTarget section */

/* Begin PBXProject section */
		1656C5F7215E129100422517 /* Project object */ = {
			isa = PBXProject;
			attributes = {
				LastSwiftUpdateCheck = 0920;
				LastUpgradeCheck = 0920;
				ORGANIZATIONNAME = Jacob_Liang;
				TargetAttributes = {
					1656C5FE215E129100422517 = {
						CreatedOnToolsVersion = 9.2;
						ProvisioningStyle = Automatic;
					};
				};
			};
			buildConfigurationList = 1656C5FA215E129100422517 /* Build configuration list for PBXProject "MyCoin-DuplicatePlate" */;
			compatibilityVersion = "Xcode 8.0";
			developmentRegion = en;
			hasScannedForEncodings = 0;
			knownRegions = (
				en,
				Base,
			);
			mainGroup = 1656C5F6215E129100422517;
			productRefGroup = 1656C600215E129100422517 /* Products */;
			projectDirPath = "";
			projectRoot = "";
			targets = (
				1656C5FE215E129100422517 /* MyCoin-DuplicatePlate */,
			);
		};
/* End PBXProject section */

/* Begin PBXResourcesBuildPhase section */
		1656C5FD215E129100422517 /* Resources */ = {
			isa = PBXResourcesBuildPhase;
			buildActionMask = 2147483647;
			files = (
				1656C60D215E129100422517 /* LaunchScreen.storyboard in Resources */,
				1656C60A215E129100422517 /* Assets.xcassets in Resources */,
				1656C608215E129100422517 /* Main.storyboard in Resources */,
			);
			runOnlyForDeploymentPostprocessing = 0;
		};
/* End PBXResourcesBuildPhase section */

/* Begin PBXSourcesBuildPhase section */
		1656C5FB215E129100422517 /* Sources */ = {
			isa = PBXSourcesBuildPhase;
			buildActionMask = 2147483647;
			files = (
				16FCBA51215E2E8300131AD3 /* AppDelegate+rootWindow.swift in Sources */,
				16FCBB10216C9F4B00131AD3 /* UserDefaults.swift in Sources */,
				16FCBB0E216B337200131AD3 /* UserDefaults+myCoin.swift in Sources */,
				1656C605215E129100422517 /* ViewController.swift in Sources */,
				1656C603215E129100422517 /* AppDelegate.swift in Sources */,
			);
			runOnlyForDeploymentPostprocessing = 0;
		};
/* End PBXSourcesBuildPhase section */

/* Begin PBXVariantGroup section */
		1656C606215E129100422517 /* Main.storyboard */ = {
			isa = PBXVariantGroup;
			children = (
				1656C607215E129100422517 /* Base */,
			);
			name = Main.storyboard;
			sourceTree = "<group>";
		};
		1656C60B215E129100422517 /* LaunchScreen.storyboard */ = {
			isa = PBXVariantGroup;
			children = (
				1656C60C215E129100422517 /* Base */,
			);
			name = LaunchScreen.storyboard;
			sourceTree = "<group>";
		};
/* End PBXVariantGroup section */

/* Begin XCBuildConfiguration section */
		1656C60F215E129100422517 /* Debug */ = {
			isa = XCBuildConfiguration;
			buildSettings = {
				ALWAYS_SEARCH_USER_PATHS = NO;
				CLANG_ANALYZER_NONNULL = YES;
				CLANG_ANALYZER_NUMBER_OBJECT_CONVERSION = YES_AGGRESSIVE;
				CLANG_CXX_LANGUAGE_STANDARD = "gnu++14";
				CLANG_CXX_LIBRARY = "libc++";
				CLANG_ENABLE_MODULES = YES;
				CLANG_ENABLE_OBJC_ARC = YES;
				CLANG_WARN_BLOCK_CAPTURE_AUTORELEASING = YES;
				CLANG_WARN_BOOL_CONVERSION = YES;
				CLANG_WARN_COMMA = YES;
				CLANG_WARN_CONSTANT_CONVERSION = YES;
				CLANG_WARN_DIRECT_OBJC_ISA_USAGE = YES_ERROR;
				CLANG_WARN_DOCUMENTATION_COMMENTS = YES;
				CLANG_WARN_EMPTY_BODY = YES;
				CLANG_WARN_ENUM_CONVERSION = YES;
				CLANG_WARN_INFINITE_RECURSION = YES;
				CLANG_WARN_INT_CONVERSION = YES;
				CLANG_WARN_NON_LITERAL_NULL_CONVERSION = YES;
				CLANG_WARN_OBJC_LITERAL_CONVERSION = YES;
				CLANG_WARN_OBJC_ROOT_CLASS = YES_ERROR;
				CLANG_WARN_RANGE_LOOP_ANALYSIS = YES;
				CLANG_WARN_STRICT_PROTOTYPES = YES;
				CLANG_WARN_SUSPICIOUS_MOVE = YES;
				CLANG_WARN_UNGUARDED_AVAILABILITY = YES_AGGRESSIVE;
				CLANG_WARN_UNREACHABLE_CODE = YES;
				CLANG_WARN__DUPLICATE_METHOD_MATCH = YES;
				CODE_SIGN_IDENTITY = "iPhone Developer";
				COPY_PHASE_STRIP = NO;
				DEBUG_INFORMATION_FORMAT = dwarf;
				ENABLE_STRICT_OBJC_MSGSEND = YES;
				ENABLE_TESTABILITY = YES;
				GCC_C_LANGUAGE_STANDARD = gnu11;
				GCC_DYNAMIC_NO_PIC = NO;
				GCC_NO_COMMON_BLOCKS = YES;
				GCC_OPTIMIZATION_LEVEL = 0;
				GCC_PREPROCESSOR_DEFINITIONS = (
					"DEBUG=1",
					"$(inherited)",
				);
				GCC_WARN_64_TO_32_BIT_CONVERSION = YES;
				GCC_WARN_ABOUT_RETURN_TYPE = YES_ERROR;
				GCC_WARN_UNDECLARED_SELECTOR = YES;
				GCC_WARN_UNINITIALIZED_AUTOS = YES_AGGRESSIVE;
				GCC_WARN_UNUSED_FUNCTION = YES;
				GCC_WARN_UNUSED_VARIABLE = YES;
				IPHONEOS_DEPLOYMENT_TARGET = 11.2;
				MTL_ENABLE_DEBUG_INFO = YES;
				ONLY_ACTIVE_ARCH = YES;
				SDKROOT = iphoneos;
				SWIFT_ACTIVE_COMPILATION_CONDITIONS = DEBUG;
				SWIFT_OPTIMIZATION_LEVEL = "-Onone";
			};
			name = Debug;
		};
		1656C610215E129100422517 /* Release */ = {
			isa = XCBuildConfiguration;
			buildSettings = {
				ALWAYS_SEARCH_USER_PATHS = NO;
				CLANG_ANALYZER_NONNULL = YES;
				CLANG_ANALYZER_NUMBER_OBJECT_CONVERSION = YES_AGGRESSIVE;
				CLANG_CXX_LANGUAGE_STANDARD = "gnu++14";
				CLANG_CXX_LIBRARY = "libc++";
				CLANG_ENABLE_MODULES = YES;
				CLANG_ENABLE_OBJC_ARC = YES;
				CLANG_WARN_BLOCK_CAPTURE_AUTORELEASING = YES;
				CLANG_WARN_BOOL_CONVERSION = YES;
				CLANG_WARN_COMMA = YES;
				CLANG_WARN_CONSTANT_CONVERSION = YES;
				CLANG_WARN_DIRECT_OBJC_ISA_USAGE = YES_ERROR;
				CLANG_WARN_DOCUMENTATION_COMMENTS = YES;
				CLANG_WARN_EMPTY_BODY = YES;
				CLANG_WARN_ENUM_CONVERSION = YES;
				CLANG_WARN_INFINITE_RECURSION = YES;
				CLANG_WARN_INT_CONVERSION = YES;
				CLANG_WARN_NON_LITERAL_NULL_CONVERSION = YES;
				CLANG_WARN_OBJC_LITERAL_CONVERSION = YES;
				CLANG_WARN_OBJC_ROOT_CLASS = YES_ERROR;
				CLANG_WARN_RANGE_LOOP_ANALYSIS = YES;
				CLANG_WARN_STRICT_PROTOTYPES = YES;
				CLANG_WARN_SUSPICIOUS_MOVE = YES;
				CLANG_WARN_UNGUARDED_AVAILABILITY = YES_AGGRESSIVE;
				CLANG_WARN_UNREACHABLE_CODE = YES;
				CLANG_WARN__DUPLICATE_METHOD_MATCH = YES;
				CODE_SIGN_IDENTITY = "iPhone Developer";
				COPY_PHASE_STRIP = NO;
				DEBUG_INFORMATION_FORMAT = "dwarf-with-dsym";
				ENABLE_NS_ASSERTIONS = NO;
				ENABLE_STRICT_OBJC_MSGSEND = YES;
				GCC_C_LANGUAGE_STANDARD = gnu11;
				GCC_NO_COMMON_BLOCKS = YES;
				GCC_WARN_64_TO_32_BIT_CONVERSION = YES;
				GCC_WARN_ABOUT_RETURN_TYPE = YES_ERROR;
				GCC_WARN_UNDECLARED_SELECTOR = YES;
				GCC_WARN_UNINITIALIZED_AUTOS = YES_AGGRESSIVE;
				GCC_WARN_UNUSED_FUNCTION = YES;
				GCC_WARN_UNUSED_VARIABLE = YES;
				IPHONEOS_DEPLOYMENT_TARGET = 11.2;
				MTL_ENABLE_DEBUG_INFO = NO;
				SDKROOT = iphoneos;
				SWIFT_OPTIMIZATION_LEVEL = "-Owholemodule";
				VALIDATE_PRODUCT = YES;
			};
			name = Release;
		};
		1656C612215E129100422517 /* Debug */ = {
			isa = XCBuildConfiguration;
			buildSettings = {
				ASSETCATALOG_COMPILER_APPICON_NAME = AppIcon;
				CODE_SIGN_STYLE = Automatic;
				DEVELOPMENT_TEAM = 3AM9U4HK7K;
				INFOPLIST_FILE = "MyCoin-DuplicatePlate/Info.plist";
				LD_RUNPATH_SEARCH_PATHS = "$(inherited) @executable_path/Frameworks";
				PRODUCT_BUNDLE_IDENTIFIER = "com.666.MyCoin-DuplicatePlate";
				PRODUCT_NAME = "$(TARGET_NAME)";
				SWIFT_VERSION = 4.0;
				TARGETED_DEVICE_FAMILY = "1,2";
			};
			name = Debug;
		};
		1656C613215E129100422517 /* Release */ = {
			isa = XCBuildConfiguration;
			buildSettings = {
				ASSETCATALOG_COMPILER_APPICON_NAME = AppIcon;
				CODE_SIGN_STYLE = Automatic;
				DEVELOPMENT_TEAM = 3AM9U4HK7K;
				INFOPLIST_FILE = "MyCoin-DuplicatePlate/Info.plist";
				LD_RUNPATH_SEARCH_PATHS = "$(inherited) @executable_path/Frameworks";
				PRODUCT_BUNDLE_IDENTIFIER = "com.666.MyCoin-DuplicatePlate";
				PRODUCT_NAME = "$(TARGET_NAME)";
				SWIFT_VERSION = 4.0;
				TARGETED_DEVICE_FAMILY = "1,2";
			};
			name = Release;
		};
/* End XCBuildConfiguration section */

/* Begin XCConfigurationList section */
		1656C5FA215E129100422517 /* Build configuration list for PBXProject "MyCoin-DuplicatePlate" */ = {
			isa = XCConfigurationList;
			buildConfigurations = (
				1656C60F215E129100422517 /* Debug */,
				1656C610215E129100422517 /* Release */,
			);
			defaultConfigurationIsVisible = 0;
			defaultConfigurationName = Release;
		};
		1656C611215E129100422517 /* Build configuration list for PBXNativeTarget "MyCoin-DuplicatePlate" */ = {
			isa = XCConfigurationList;
			buildConfigurations = (
				1656C612215E129100422517 /* Debug */,
				1656C613215E129100422517 /* Release */,
			);
			defaultConfigurationIsVisible = 0;
			defaultConfigurationName = Release;
		};
/* End XCConfigurationList section */
	};
	rootObject = 1656C5F7215E129100422517 /* Project object */;
}
