// !$*UTF8*$!
{
	archiveVersion = 1;
	classes = {
	};
	objectVersion = 48;
	objects = {

/* Begin PBXBuildFile section */
		146ECEE530597B48296F2E60 /* libPods-hk-eform-ipad.a in Frameworks */ = {isa = PBXBuildFile; fileRef = 766C18F68F92F7C9015F70C8 /* libPods-hk-eform-ipad.a */; };
		1622EE152151F2B900CC3E31 /* JSPrintPlugin.m in Sources */ = {isa = PBXBuildFile; fileRef = 1622EE142151F2B900CC3E31 /* JSPrintPlugin.m */; };
		16402CA12154969F007D8583 /* MBProgressHUD+NHAdd.m in Sources */ = {isa = PBXBuildFile; fileRef = 16402C9F2154969F007D8583 /* MBProgressHUD+NHAdd.m */; };
		16402CA62159E710007D8583 /* EFPrintTool.m in Sources */ = {isa = PBXBuildFile; fileRef = 16402CA52159E710007D8583 /* EFPrintTool.m */; };
		16402CA8215B52BD007D8583 /* indexh5.html in Resources */ = {isa = PBXBuildFile; fileRef = 16402CA7215B52BC007D8583 /* indexh5.html */; };
		16B7DD502150E3D1007A95FC /* AppDelegate.m in Sources */ = {isa = PBXBuildFile; fileRef = 16B7DD4F2150E3D1007A95FC /* AppDelegate.m */; };
		16B7DD562150E3D1007A95FC /* Main.storyboard in Resources */ = {isa = PBXBuildFile; fileRef = 16B7DD542150E3D1007A95FC /* Main.storyboard */; };
		16B7DD582150E3D1007A95FC /* Assets.xcassets in Resources */ = {isa = PBXBuildFile; fileRef = 16B7DD572150E3D1007A95FC /* Assets.xcassets */; };
		16B7DD5B2150E3D1007A95FC /* LaunchScreen.storyboard in Resources */ = {isa = PBXBuildFile; fileRef = 16B7DD592150E3D1007A95FC /* LaunchScreen.storyboard */; };
		16B7DD5E2150E3D1007A95FC /* main.m in Sources */ = {isa = PBXBuildFile; fileRef = 16B7DD5D2150E3D1007A95FC /* main.m */; };
		16B7DD662150E8D2007A95FC /* EFHomeController.m in Sources */ = {isa = PBXBuildFile; fileRef = 16B7DD652150E8D2007A95FC /* EFHomeController.m */; };
		16B7DD792150EFD1007A95FC /* JSBridgeWKWebViewController.m in Sources */ = {isa = PBXBuildFile; fileRef = 16B7DD6A2150EFD1007A95FC /* JSBridgeWKWebViewController.m */; };
		16B7DD7A2150EFD1007A95FC /* JSHandler.m in Sources */ = {isa = PBXBuildFile; fileRef = 16B7DD6D2150EFD1007A95FC /* JSHandler.m */; };
		16B7DD7B2150EFD1007A95FC /* JSInvokedCommand.m in Sources */ = {isa = PBXBuildFile; fileRef = 16B7DD6F2150EFD1007A95FC /* JSInvokedCommand.m */; };
		16B7DD7C2150EFD1007A95FC /* JSPlugIn.m in Sources */ = {isa = PBXBuildFile; fileRef = 16B7DD712150EFD1007A95FC /* JSPlugIn.m */; };
		16B7DD7D2150EFD1007A95FC /* JSPluginResult.m in Sources */ = {isa = PBXBuildFile; fileRef = 16B7DD732150EFD1007A95FC /* JSPluginResult.m */; };
		16B7DD812150F900007A95FC /* index.html in Resources */ = {isa = PBXBuildFile; fileRef = 16B7DD802150F8FF007A95FC /* index.html */; };
/* End PBXBuildFile section */

/* Begin PBXFileReference section */
		1622EE132151F2B900CC3E31 /* JSPrintPlugin.h */ = {isa = PBXFileReference; lastKnownFileType = sourcecode.c.h; path = JSPrintPlugin.h; sourceTree = "<group>"; };
		1622EE142151F2B900CC3E31 /* JSPrintPlugin.m */ = {isa = PBXFileReference; lastKnownFileType = sourcecode.c.objc; path = JSPrintPlugin.m; sourceTree = "<group>"; };
		16402C9A215490D0007D8583 /* hk-eform-ipad.pch */ = {isa = PBXFileReference; lastKnownFileType = sourcecode.c.h; path = "hk-eform-ipad.pch"; sourceTree = "<group>"; };
		16402C9E2154969F007D8583 /* MBProgressHUD+NHAdd.h */ = {isa = PBXFileReference; fileEncoding = 4; lastKnownFileType = sourcecode.c.h; path = "MBProgressHUD+NHAdd.h"; sourceTree = "<group>"; };
		16402C9F2154969F007D8583 /* MBProgressHUD+NHAdd.m */ = {isa = PBXFileReference; fileEncoding = 4; lastKnownFileType = sourcecode.c.objc; path = "MBProgressHUD+NHAdd.m"; sourceTree = "<group>"; };
		16402CA02154969F007D8583 /* MBProgressHUD_NHExtend.h */ = {isa = PBXFileReference; fileEncoding = 4; lastKnownFileType = sourcecode.c.h; path = MBProgressHUD_NHExtend.h; sourceTree = "<group>"; };
		16402CA42159E710007D8583 /* EFPrintTool.h */ = {isa = PBXFileReference; lastKnownFileType = sourcecode.c.h; path = EFPrintTool.h; sourceTree = "<group>"; };
		16402CA52159E710007D8583 /* EFPrintTool.m */ = {isa = PBXFileReference; lastKnownFileType = sourcecode.c.objc; path = EFPrintTool.m; sourceTree = "<group>"; };
		16402CA7215B52BC007D8583 /* indexh5.html */ = {isa = PBXFileReference; fileEncoding = 4; lastKnownFileType = text.html; path = indexh5.html; sourceTree = "<group>"; };
		16B7DD4B2150E3D1007A95FC /* hk-eform-ipad.app */ = {isa = PBXFileReference; explicitFileType = wrapper.application; includeInIndex = 0; path = "hk-eform-ipad.app"; sourceTree = BUILT_PRODUCTS_DIR; };
		16B7DD4E2150E3D1007A95FC /* AppDelegate.h */ = {isa = PBXFileReference; lastKnownFileType = sourcecode.c.h; path = AppDelegate.h; sourceTree = "<group>"; };
		16B7DD4F2150E3D1007A95FC /* AppDelegate.m */ = {isa = PBXFileReference; lastKnownFileType = sourcecode.c.objc; path = AppDelegate.m; sourceTree = "<group>"; };
		16B7DD552150E3D1007A95FC /* Base */ = {isa = PBXFileReference; lastKnownFileType = file.storyboard; name = Base; path = Base.lproj/Main.storyboard; sourceTree = "<group>"; };
		16B7DD572150E3D1007A95FC /* Assets.xcassets */ = {isa = PBXFileReference; lastKnownFileType = folder.assetcatalog; path = Assets.xcassets; sourceTree = "<group>"; };
		16B7DD5A2150E3D1007A95FC /* Base */ = {isa = PBXFileReference; lastKnownFileType = file.storyboard; name = Base; path = Base.lproj/LaunchScreen.storyboard; sourceTree = "<group>"; };
		16B7DD5C2150E3D1007A95FC /* Info.plist */ = {isa = PBXFileReference; lastKnownFileType = text.plist.xml; path = Info.plist; sourceTree = "<group>"; };
		16B7DD5D2150E3D1007A95FC /* main.m */ = {isa = PBXFileReference; lastKnownFileType = sourcecode.c.objc; path = main.m; sourceTree = "<group>"; };
		16B7DD642150E8D2007A95FC /* EFHomeController.h */ = {isa = PBXFileReference; lastKnownFileType = sourcecode.c.h; path = EFHomeController.h; sourceTree = "<group>"; };
		16B7DD652150E8D2007A95FC /* EFHomeController.m */ = {isa = PBXFileReference; lastKnownFileType = sourcecode.c.objc; path = EFHomeController.m; sourceTree = "<group>"; };
		16B7DD692150EFD1007A95FC /* JSBridgeWKWebViewController.h */ = {isa = PBXFileReference; fileEncoding = 4; lastKnownFileType = sourcecode.c.h; path = JSBridgeWKWebViewController.h; sourceTree = "<group>"; };
		16B7DD6A2150EFD1007A95FC /* JSBridgeWKWebViewController.m */ = {isa = PBXFileReference; fileEncoding = 4; lastKnownFileType = sourcecode.c.objc; path = JSBridgeWKWebViewController.m; sourceTree = "<group>"; };
		16B7DD6B2150EFD1007A95FC /* JSCommandDelegate.h */ = {isa = PBXFileReference; fileEncoding = 4; lastKnownFileType = sourcecode.c.h; path = JSCommandDelegate.h; sourceTree = "<group>"; };
		16B7DD6C2150EFD1007A95FC /* JSHandler.h */ = {isa = PBXFileReference; fileEncoding = 4; lastKnownFileType = sourcecode.c.h; path = JSHandler.h; sourceTree = "<group>"; };
		16B7DD6D2150EFD1007A95FC /* JSHandler.m */ = {isa = PBXFileReference; fileEncoding = 4; lastKnownFileType = sourcecode.c.objc; path = JSHandler.m; sourceTree = "<group>"; };
		16B7DD6E2150EFD1007A95FC /* JSInvokedCommand.h */ = {isa = PBXFileReference; fileEncoding = 4; lastKnownFileType = sourcecode.c.h; path = JSInvokedCommand.h; sourceTree = "<group>"; };
		16B7DD6F2150EFD1007A95FC /* JSInvokedCommand.m */ = {isa = PBXFileReference; fileEncoding = 4; lastKnownFileType = sourcecode.c.objc; path = JSInvokedCommand.m; sourceTree = "<group>"; };
		16B7DD702150EFD1007A95FC /* JSPlugIn.h */ = {isa = PBXFileReference; fileEncoding = 4; lastKnownFileType = sourcecode.c.h; path = JSPlugIn.h; sourceTree = "<group>"; };
		16B7DD712150EFD1007A95FC /* JSPlugIn.m */ = {isa = PBXFileReference; fileEncoding = 4; lastKnownFileType = sourcecode.c.objc; path = JSPlugIn.m; sourceTree = "<group>"; };
		16B7DD722150EFD1007A95FC /* JSPluginResult.h */ = {isa = PBXFileReference; fileEncoding = 4; lastKnownFileType = sourcecode.c.h; path = JSPluginResult.h; sourceTree = "<group>"; };
		16B7DD732150EFD1007A95FC /* JSPluginResult.m */ = {isa = PBXFileReference; fileEncoding = 4; lastKnownFileType = sourcecode.c.objc; path = JSPluginResult.m; sourceTree = "<group>"; };
		16B7DD752150EFD1007A95FC /* JSMessagePlugin.h */ = {isa = PBXFileReference; fileEncoding = 4; lastKnownFileType = sourcecode.c.h; path = JSMessagePlugin.h; sourceTree = "<group>"; };
		16B7DD762150EFD1007A95FC /* JSMessagePlugin.m */ = {isa = PBXFileReference; fileEncoding = 4; lastKnownFileType = sourcecode.c.objc; path = JSMessagePlugin.m; sourceTree = "<group>"; };
		16B7DD772150EFD1007A95FC /* JSNavigationPlugin.h */ = {isa = PBXFileReference; fileEncoding = 4; lastKnownFileType = sourcecode.c.h; path = JSNavigationPlugin.h; sourceTree = "<group>"; };
		16B7DD782150EFD1007A95FC /* JSNavigationPlugin.m */ = {isa = PBXFileReference; fileEncoding = 4; lastKnownFileType = sourcecode.c.objc; path = JSNavigationPlugin.m; sourceTree = "<group>"; };
		16B7DD802150F8FF007A95FC /* index.html */ = {isa = PBXFileReference; fileEncoding = 4; lastKnownFileType = text.html; path = index.html; sourceTree = "<group>"; };
		1C182CC9EA078FCE75C2E2F1 /* Pods-hk-eform-ipad.release.xcconfig */ = {isa = PBXFileReference; includeInIndex = 1; lastKnownFileType = text.xcconfig; name = "Pods-hk-eform-ipad.release.xcconfig"; path = "Pods/Target Support Files/Pods-hk-eform-ipad/Pods-hk-eform-ipad.release.xcconfig"; sourceTree = "<group>"; };
		54DD0478FFCB653F7F4836D0 /* Pods-hk-eform-ipad.debug.xcconfig */ = {isa = PBXFileReference; includeInIndex = 1; lastKnownFileType = text.xcconfig; name = "Pods-hk-eform-ipad.debug.xcconfig"; path = "Pods/Target Support Files/Pods-hk-eform-ipad/Pods-hk-eform-ipad.debug.xcconfig"; sourceTree = "<group>"; };
		766C18F68F92F7C9015F70C8 /* libPods-hk-eform-ipad.a */ = {isa = PBXFileReference; explicitFileType = archive.ar; includeInIndex = 0; path = "libPods-hk-eform-ipad.a"; sourceTree = BUILT_PRODUCTS_DIR; };
/* End PBXFileReference section */

/* Begin PBXFrameworksBuildPhase section */
		16B7DD482150E3D1007A95FC /* Frameworks */ = {
			isa = PBXFrameworksBuildPhase;
			buildActionMask = 2147483647;
			files = (
				146ECEE530597B48296F2E60 /* libPods-hk-eform-ipad.a in Frameworks */,
			);
			runOnlyForDeploymentPostprocessing = 0;
		};
/* End PBXFrameworksBuildPhase section */

/* Begin PBXGroup section */
		16402C9B21549671007D8583 /* Component */ = {
			isa = PBXGroup;
			children = (
				16402CA32159E6E5007D8583 /* PrintTool */,
				16B7DD672150EFBB007A95FC /* WebBridge */,
				16402C9C21549692007D8583 /* Category */,
			);
			path = Component;
			sourceTree = "<group>";
		};
		16402C9C21549692007D8583 /* Category */ = {
			isa = PBXGroup;
			children = (
				16402C9D2154969F007D8583 /* NHHUDExtend */,
			);
			path = Category;
			sourceTree = "<group>";
		};
		16402C9D2154969F007D8583 /* NHHUDExtend */ = {
			isa = PBXGroup;
			children = (
				16402CA02154969F007D8583 /* MBProgressHUD_NHExtend.h */,
				16402C9E2154969F007D8583 /* MBProgressHUD+NHAdd.h */,
				16402C9F2154969F007D8583 /* MBProgressHUD+NHAdd.m */,
			);
			path = NHHUDExtend;
			sourceTree = "<group>";
		};
		16402CA32159E6E5007D8583 /* PrintTool */ = {
			isa = PBXGroup;
			children = (
				16402CA42159E710007D8583 /* EFPrintTool.h */,
				16402CA52159E710007D8583 /* EFPrintTool.m */,
			);
			path = PrintTool;
			sourceTree = "<group>";
		};
		16B7DD422150E3D1007A95FC = {
			isa = PBXGroup;
			children = (
				16402C9A215490D0007D8583 /* hk-eform-ipad.pch */,
				16B7DD4D2150E3D1007A95FC /* hk-eform-ipad */,
				16B7DD4C2150E3D1007A95FC /* Products */,
				2D77848C46EA8496B072AF07 /* Pods */,
				3DF6C92A0C6D8418F7BA13CA /* Frameworks */,
			);
			sourceTree = "<group>";
		};
		16B7DD4C2150E3D1007A95FC /* Products */ = {
			isa = PBXGroup;
			children = (
				16B7DD4B2150E3D1007A95FC /* hk-eform-ipad.app */,
			);
			name = Products;
			sourceTree = "<group>";
		};
		16B7DD4D2150E3D1007A95FC /* hk-eform-ipad */ = {
			isa = PBXGroup;
			children = (
				16402C9B21549671007D8583 /* Component */,
				16B7DD802150F8FF007A95FC /* index.html */,
				16402CA7215B52BC007D8583 /* indexh5.html */,
				16B7DD4E2150E3D1007A95FC /* AppDelegate.h */,
				16B7DD4F2150E3D1007A95FC /* AppDelegate.m */,
				16B7DD642150E8D2007A95FC /* EFHomeController.h */,
				16B7DD652150E8D2007A95FC /* EFHomeController.m */,
				16B7DD542150E3D1007A95FC /* Main.storyboard */,
				16B7DD572150E3D1007A95FC /* Assets.xcassets */,
				16B7DD592150E3D1007A95FC /* LaunchScreen.storyboard */,
				16B7DD5C2150E3D1007A95FC /* Info.plist */,
				16B7DD5D2150E3D1007A95FC /* main.m */,
			);
			path = "hk-eform-ipad";
			sourceTree = "<group>";
		};
		16B7DD672150EFBB007A95FC /* WebBridge */ = {
			isa = PBXGroup;
			children = (
				16B7DD682150EFD1007A95FC /* hybirdFrame */,
				16B7DD742150EFD1007A95FC /* Plugin */,
			);
			name = WebBridge;
			path = ../WebBridge;
			sourceTree = "<group>";
		};
		16B7DD682150EFD1007A95FC /* hybirdFrame */ = {
			isa = PBXGroup;
			children = (
				16B7DD692150EFD1007A95FC /* JSBridgeWKWebViewController.h */,
				16B7DD6A2150EFD1007A95FC /* JSBridgeWKWebViewController.m */,
				16B7DD6B2150EFD1007A95FC /* JSCommandDelegate.h */,
				16B7DD6C2150EFD1007A95FC /* JSHandler.h */,
				16B7DD6D2150EFD1007A95FC /* JSHandler.m */,
				16B7DD6E2150EFD1007A95FC /* JSInvokedCommand.h */,
				16B7DD6F2150EFD1007A95FC /* JSInvokedCommand.m */,
				16B7DD702150EFD1007A95FC /* JSPlugIn.h */,
				16B7DD712150EFD1007A95FC /* JSPlugIn.m */,
				16B7DD722150EFD1007A95FC /* JSPluginResult.h */,
				16B7DD732150EFD1007A95FC /* JSPluginResult.m */,
			);
			path = hybirdFrame;
			sourceTree = "<group>";
		};
		16B7DD742150EFD1007A95FC /* Plugin */ = {
			isa = PBXGroup;
			children = (
				16B7DD752150EFD1007A95FC /* JSMessagePlugin.h */,
				16B7DD762150EFD1007A95FC /* JSMessagePlugin.m */,
				16B7DD772150EFD1007A95FC /* JSNavigationPlugin.h */,
				16B7DD782150EFD1007A95FC /* JSNavigationPlugin.m */,
				1622EE132151F2B900CC3E31 /* JSPrintPlugin.h */,
				1622EE142151F2B900CC3E31 /* JSPrintPlugin.m */,
			);
			path = Plugin;
			sourceTree = "<group>";
		};
		2D77848C46EA8496B072AF07 /* Pods */ = {
			isa = PBXGroup;
			children = (
				54DD0478FFCB653F7F4836D0 /* Pods-hk-eform-ipad.debug.xcconfig */,
				1C182CC9EA078FCE75C2E2F1 /* Pods-hk-eform-ipad.release.xcconfig */,
			);
			name = Pods;
			sourceTree = "<group>";
		};
		3DF6C92A0C6D8418F7BA13CA /* Frameworks */ = {
			isa = PBXGroup;
			children = (
				766C18F68F92F7C9015F70C8 /* libPods-hk-eform-ipad.a */,
			);
			name = Frameworks;
			sourceTree = "<group>";
		};
/* End PBXGroup section */

/* Begin PBXNativeTarget section */
		16B7DD4A2150E3D1007A95FC /* hk-eform-ipad */ = {
			isa = PBXNativeTarget;
			buildConfigurationList = 16B7DD612150E3D1007A95FC /* Build configuration list for PBXNativeTarget "hk-eform-ipad" */;
			buildPhases = (
				CE37826EE9C04FFEB1C793E8 /* [CP] Check Pods Manifest.lock */,
				16B7DD472150E3D1007A95FC /* Sources */,
				16B7DD482150E3D1007A95FC /* Frameworks */,
				16B7DD492150E3D1007A95FC /* Resources */,
				5478A96C9F2DB2556A0D283F /* [CP] Embed Pods Frameworks */,
				B0AD09F6EF17837C68755D9B /* [CP] Copy Pods Resources */,
			);
			buildRules = (
			);
			dependencies = (
			);
			name = "hk-eform-ipad";
			productName = "hk-eform-ipad";
			productReference = 16B7DD4B2150E3D1007A95FC /* hk-eform-ipad.app */;
			productType = "com.apple.product-type.application";
		};
/* End PBXNativeTarget section */

/* Begin PBXProject section */
		16B7DD432150E3D1007A95FC /* Project object */ = {
			isa = PBXProject;
			attributes = {
				LastUpgradeCheck = 0920;
				ORGANIZATIONNAME = Amway;
				TargetAttributes = {
					16B7DD4A2150E3D1007A95FC = {
						CreatedOnToolsVersion = 9.2;
						ProvisioningStyle = Automatic;
					};
				};
			};
			buildConfigurationList = 16B7DD462150E3D1007A95FC /* Build configuration list for PBXProject "hk-eform-ipad" */;
			compatibilityVersion = "Xcode 8.0";
			developmentRegion = en;
			hasScannedForEncodings = 0;
			knownRegions = (
				en,
				Base,
			);
			mainGroup = 16B7DD422150E3D1007A95FC;
			productRefGroup = 16B7DD4C2150E3D1007A95FC /* Products */;
			projectDirPath = "";
			projectRoot = "";
			targets = (
				16B7DD4A2150E3D1007A95FC /* hk-eform-ipad */,
			);
		};
/* End PBXProject section */

/* Begin PBXResourcesBuildPhase section */
		16B7DD492150E3D1007A95FC /* Resources */ = {
			isa = PBXResourcesBuildPhase;
			buildActionMask = 2147483647;
			files = (
				16B7DD5B2150E3D1007A95FC /* LaunchScreen.storyboard in Resources */,
				16402CA8215B52BD007D8583 /* indexh5.html in Resources */,
				16B7DD812150F900007A95FC /* index.html in Resources */,
				16B7DD582150E3D1007A95FC /* Assets.xcassets in Resources */,
				16B7DD562150E3D1007A95FC /* Main.storyboard in Resources */,
			);
			runOnlyForDeploymentPostprocessing = 0;
		};
/* End PBXResourcesBuildPhase section */

/* Begin PBXShellScriptBuildPhase section */
		5478A96C9F2DB2556A0D283F /* [CP] Embed Pods Frameworks */ = {
			isa = PBXShellScriptBuildPhase;
			buildActionMask = 2147483647;
			files = (
			);
			inputPaths = (
			);
			name = "[CP] Embed Pods Frameworks";
			outputPaths = (
			);
			runOnlyForDeploymentPostprocessing = 0;
			shellPath = /bin/sh;
			shellScript = "\"${SRCROOT}/Pods/Target Support Files/Pods-hk-eform-ipad/Pods-hk-eform-ipad-frameworks.sh\"\n";
			showEnvVarsInLog = 0;
		};
		B0AD09F6EF17837C68755D9B /* [CP] Copy Pods Resources */ = {
			isa = PBXShellScriptBuildPhase;
			buildActionMask = 2147483647;
			files = (
			);
			inputPaths = (
			);
			name = "[CP] Copy Pods Resources";
			outputPaths = (
			);
			runOnlyForDeploymentPostprocessing = 0;
			shellPath = /bin/sh;
			shellScript = "\"${SRCROOT}/Pods/Target Support Files/Pods-hk-eform-ipad/Pods-hk-eform-ipad-resources.sh\"\n";
			showEnvVarsInLog = 0;
		};
		CE37826EE9C04FFEB1C793E8 /* [CP] Check Pods Manifest.lock */ = {
			isa = PBXShellScriptBuildPhase;
			buildActionMask = 2147483647;
			files = (
			);
			inputPaths = (
				"${PODS_PODFILE_DIR_PATH}/Podfile.lock",
				"${PODS_ROOT}/Manifest.lock",
			);
			name = "[CP] Check Pods Manifest.lock";
			outputPaths = (
				"$(DERIVED_FILE_DIR)/Pods-hk-eform-ipad-checkManifestLockResult.txt",
			);
			runOnlyForDeploymentPostprocessing = 0;
			shellPath = /bin/sh;
			shellScript = "diff \"${PODS_PODFILE_DIR_PATH}/Podfile.lock\" \"${PODS_ROOT}/Manifest.lock\" > /dev/null\nif [ $? != 0 ] ; then\n    # print error to STDERR\n    echo \"error: The sandbox is not in sync with the Podfile.lock. Run 'pod install' or update your CocoaPods installation.\" >&2\n    exit 1\nfi\n# This output is used by Xcode 'outputs' to avoid re-running this script phase.\necho \"SUCCESS\" > \"${SCRIPT_OUTPUT_FILE_0}\"\n";
			showEnvVarsInLog = 0;
		};
/* End PBXShellScriptBuildPhase section */

/* Begin PBXSourcesBuildPhase section */
		16B7DD472150E3D1007A95FC /* Sources */ = {
			isa = PBXSourcesBuildPhase;
			buildActionMask = 2147483647;
			files = (
				16B7DD5E2150E3D1007A95FC /* main.m in Sources */,
				16B7DD7B2150EFD1007A95FC /* JSInvokedCommand.m in Sources */,
				16B7DD792150EFD1007A95FC /* JSBridgeWKWebViewController.m in Sources */,
				16402CA62159E710007D8583 /* EFPrintTool.m in Sources */,
				16B7DD7C2150EFD1007A95FC /* JSPlugIn.m in Sources */,
				16B7DD7A2150EFD1007A95FC /* JSHandler.m in Sources */,
				1622EE152151F2B900CC3E31 /* JSPrintPlugin.m in Sources */,
				16B7DD502150E3D1007A95FC /* AppDelegate.m in Sources */,
				16402CA12154969F007D8583 /* MBProgressHUD+NHAdd.m in Sources */,
				16B7DD7D2150EFD1007A95FC /* JSPluginResult.m in Sources */,
				16B7DD662150E8D2007A95FC /* EFHomeController.m in Sources */,
			);
			runOnlyForDeploymentPostprocessing = 0;
		};
/* End PBXSourcesBuildPhase section */

/* Begin PBXVariantGroup section */
		16B7DD542150E3D1007A95FC /* Main.storyboard */ = {
			isa = PBXVariantGroup;
			children = (
				16B7DD552150E3D1007A95FC /* Base */,
			);
			name = Main.storyboard;
			sourceTree = "<group>";
		};
		16B7DD592150E3D1007A95FC /* LaunchScreen.storyboard */ = {
			isa = PBXVariantGroup;
			children = (
				16B7DD5A2150E3D1007A95FC /* Base */,
			);
			name = LaunchScreen.storyboard;
			sourceTree = "<group>";
		};
/* End PBXVariantGroup section */

/* Begin XCBuildConfiguration section */
		16B7DD5F2150E3D1007A95FC /* Debug */ = {
			isa = XCBuildConfiguration;
			buildSettings = {
				ALWAYS_SEARCH_USER_PATHS = NO;
				CLANG_ANALYZER_NONNULL = YES;
				CLANG_ANALYZER_NUMBER_OBJECT_CONVERSION = YES_AGGRESSIVE;
				CLANG_CXX_LANGUAGE_STANDARD = "gnu++14";
				CLANG_CXX_LIBRARY = "libc++";
				CLANG_ENABLE_MODULES = YES;
				CLANG_ENABLE_OBJC_ARC = YES;
				CLANG_WARN_BLOCK_CAPTURE_AUTORELEASING = YES;
				CLANG_WARN_BOOL_CONVERSION = YES;
				CLANG_WARN_COMMA = YES;
				CLANG_WARN_CONSTANT_CONVERSION = YES;
				CLANG_WARN_DIRECT_OBJC_ISA_USAGE = YES_ERROR;
				CLANG_WARN_DOCUMENTATION_COMMENTS = YES;
				CLANG_WARN_EMPTY_BODY = YES;
				CLANG_WARN_ENUM_CONVERSION = YES;
				CLANG_WARN_INFINITE_RECURSION = YES;
				CLANG_WARN_INT_CONVERSION = YES;
				CLANG_WARN_NON_LITERAL_NULL_CONVERSION = YES;
				CLANG_WARN_OBJC_LITERAL_CONVERSION = YES;
				CLANG_WARN_OBJC_ROOT_CLASS = YES_ERROR;
				CLANG_WARN_RANGE_LOOP_ANALYSIS = YES;
				CLANG_WARN_STRICT_PROTOTYPES = YES;
				CLANG_WARN_SUSPICIOUS_MOVE = YES;
				CLANG_WARN_UNGUARDED_AVAILABILITY = YES_AGGRESSIVE;
				CLANG_WARN_UNREACHABLE_CODE = YES;
				CLANG_WARN__DUPLICATE_METHOD_MATCH = YES;
				CODE_SIGN_IDENTITY = "iPhone Developer";
				COPY_PHASE_STRIP = NO;
				DEBUG_INFORMATION_FORMAT = dwarf;
				ENABLE_STRICT_OBJC_MSGSEND = YES;
				ENABLE_TESTABILITY = YES;
				GCC_C_LANGUAGE_STANDARD = gnu11;
				GCC_DYNAMIC_NO_PIC = NO;
				GCC_NO_COMMON_BLOCKS = YES;
				GCC_OPTIMIZATION_LEVEL = 0;
				GCC_PRECOMPILE_PREFIX_HEADER = YES;
				GCC_PREFIX_HEADER = " $(SRCROOT)/TestDemo.pch";
				GCC_PREPROCESSOR_DEFINITIONS = (
					"DEBUG=1",
					"$(inherited)",
				);
				GCC_WARN_64_TO_32_BIT_CONVERSION = YES;
				GCC_WARN_ABOUT_RETURN_TYPE = YES_ERROR;
				GCC_WARN_UNDECLARED_SELECTOR = YES;
				GCC_WARN_UNINITIALIZED_AUTOS = YES_AGGRESSIVE;
				GCC_WARN_UNUSED_FUNCTION = YES;
				GCC_WARN_UNUSED_VARIABLE = YES;
				IPHONEOS_DEPLOYMENT_TARGET = 9.0;
				MTL_ENABLE_DEBUG_INFO = YES;
				ONLY_ACTIVE_ARCH = YES;
				SDKROOT = iphoneos;
			};
			name = Debug;
		};
		16B7DD602150E3D1007A95FC /* Release */ = {
			isa = XCBuildConfiguration;
			buildSettings = {
				ALWAYS_SEARCH_USER_PATHS = NO;
				CLANG_ANALYZER_NONNULL = YES;
				CLANG_ANALYZER_NUMBER_OBJECT_CONVERSION = YES_AGGRESSIVE;
				CLANG_CXX_LANGUAGE_STANDARD = "gnu++14";
				CLANG_CXX_LIBRARY = "libc++";
				CLANG_ENABLE_MODULES = YES;
				CLANG_ENABLE_OBJC_ARC = YES;
				CLANG_WARN_BLOCK_CAPTURE_AUTORELEASING = YES;
				CLANG_WARN_BOOL_CONVERSION = YES;
				CLANG_WARN_COMMA = YES;
				CLANG_WARN_CONSTANT_CONVERSION = YES;
				CLANG_WARN_DIRECT_OBJC_ISA_USAGE = YES_ERROR;
				CLANG_WARN_DOCUMENTATION_COMMENTS = YES;
				CLANG_WARN_EMPTY_BODY = YES;
				CLANG_WARN_ENUM_CONVERSION = YES;
				CLANG_WARN_INFINITE_RECURSION = YES;
				CLANG_WARN_INT_CONVERSION = YES;
				CLANG_WARN_NON_LITERAL_NULL_CONVERSION = YES;
				CLANG_WARN_OBJC_LITERAL_CONVERSION = YES;
				CLANG_WARN_OBJC_ROOT_CLASS = YES_ERROR;
				CLANG_WARN_RANGE_LOOP_ANALYSIS = YES;
				CLANG_WARN_STRICT_PROTOTYPES = YES;
				CLANG_WARN_SUSPICIOUS_MOVE = YES;
				CLANG_WARN_UNGUARDED_AVAILABILITY = YES_AGGRESSIVE;
				CLANG_WARN_UNREACHABLE_CODE = YES;
				CLANG_WARN__DUPLICATE_METHOD_MATCH = YES;
				CODE_SIGN_IDENTITY = "iPhone Developer";
				COPY_PHASE_STRIP = NO;
				DEBUG_INFORMATION_FORMAT = "dwarf-with-dsym";
				ENABLE_NS_ASSERTIONS = NO;
				ENABLE_STRICT_OBJC_MSGSEND = YES;
				GCC_C_LANGUAGE_STANDARD = gnu11;
				GCC_NO_COMMON_BLOCKS = YES;
				GCC_PRECOMPILE_PREFIX_HEADER = YES;
				GCC_PREFIX_HEADER = " $(SRCROOT)/TestDemo.pch";
				GCC_WARN_64_TO_32_BIT_CONVERSION = YES;
				GCC_WARN_ABOUT_RETURN_TYPE = YES_ERROR;
				GCC_WARN_UNDECLARED_SELECTOR = YES;
				GCC_WARN_UNINITIALIZED_AUTOS = YES_AGGRESSIVE;
				GCC_WARN_UNUSED_FUNCTION = YES;
				GCC_WARN_UNUSED_VARIABLE = YES;
				IPHONEOS_DEPLOYMENT_TARGET = 9.0;
				MTL_ENABLE_DEBUG_INFO = NO;
				SDKROOT = iphoneos;
				VALIDATE_PRODUCT = YES;
			};
			name = Release;
		};
		16B7DD622150E3D1007A95FC /* Debug */ = {
			isa = XCBuildConfiguration;
			baseConfigurationReference = 54DD0478FFCB653F7F4836D0 /* Pods-hk-eform-ipad.debug.xcconfig */;
			buildSettings = {
				ASSETCATALOG_COMPILER_APPICON_NAME = AppIcon;
				CODE_SIGN_STYLE = Automatic;
				GCC_PREFIX_HEADER = "$(SRCROOT)/hk-eform-ipad.pch";
				INFOPLIST_FILE = "hk-eform-ipad/Info.plist";
				LD_RUNPATH_SEARCH_PATHS = "$(inherited) @executable_path/Frameworks";
				PRODUCT_BUNDLE_IDENTIFIER = "com.ammay.eform.hk-eform-ipad";
				PRODUCT_NAME = "$(TARGET_NAME)";
				TARGETED_DEVICE_FAMILY = 2;
			};
			name = Debug;
		};
		16B7DD632150E3D1007A95FC /* Release */ = {
			isa = XCBuildConfiguration;
			baseConfigurationReference = 1C182CC9EA078FCE75C2E2F1 /* Pods-hk-eform-ipad.release.xcconfig */;
			buildSettings = {
				ASSETCATALOG_COMPILER_APPICON_NAME = AppIcon;
				CODE_SIGN_STYLE = Automatic;
				GCC_PREFIX_HEADER = "$(SRCROOT)/hk-eform-ipad.pch";
				INFOPLIST_FILE = "hk-eform-ipad/Info.plist";
				LD_RUNPATH_SEARCH_PATHS = "$(inherited) @executable_path/Frameworks";
				PRODUCT_BUNDLE_IDENTIFIER = "com.ammay.eform.hk-eform-ipad";
				PRODUCT_NAME = "$(TARGET_NAME)";
				TARGETED_DEVICE_FAMILY = 2;
			};
			name = Release;
		};
/* End XCBuildConfiguration section */

/* Begin XCConfigurationList section */
		16B7DD462150E3D1007A95FC /* Build configuration list for PBXProject "hk-eform-ipad" */ = {
			isa = XCConfigurationList;
			buildConfigurations = (
				16B7DD5F2150E3D1007A95FC /* Debug */,
				16B7DD602150E3D1007A95FC /* Release */,
			);
			defaultConfigurationIsVisible = 0;
			defaultConfigurationName = Release;
		};
		16B7DD612150E3D1007A95FC /* Build configuration list for PBXNativeTarget "hk-eform-ipad" */ = {
			isa = XCConfigurationList;
			buildConfigurations = (
				16B7DD622150E3D1007A95FC /* Debug */,
				16B7DD632150E3D1007A95FC /* Release */,
			);
			defaultConfigurationIsVisible = 0;
			defaultConfigurationName = Release;
		};
/* End XCConfigurationList section */
	};
	rootObject = 16B7DD432150E3D1007A95FC /* Project object */;
}
